
Microsoft Visual Studio Solution File, Format Version 12.00
# Visual Studio 2013
VisualStudioVersion = 12.0.30723.0
MinimumVisualStudioVersion = 10.0.40219.1
Project("{FAE04EC0-301F-11D3-BF4B-00C04F79EFBC}") = "HelloCI.Web", "src\app\HelloCI.Web\HelloCI.Web.csproj", "{FDD5A3E4-E479-45B4-A0DB-A22338EBEAAE}"
EndProject
Project("{FAE04EC0-301F-11D3-BF4B-00C04F79EFBC}") = "HelloCI.Tests", "src\test\HelloCI.Tests\HelloCI.Tests.csproj", "{4458105A-B7A0-45FA-91F7-21288E8A6ED4}"
EndProject
Project("{FAE04EC0-301F-11D3-BF4B-00C04F79EFBC}") = "HelloCI.Core", "src\app\HelloCI.Core\HelloCI.Core.csproj", "{28A12195-7E0C-40AE-9AD5-3AE53E4A5B34}"
EndProject
Global
	GlobalSection(SolutionConfigurationPlatforms) = preSolution
		Debug|Any CPU = Debug|Any CPU
		Release|Any CPU = Release|Any CPU
	EndGlobalSection
	GlobalSection(ProjectConfigurationPlatforms) = postSolution
		{FDD5A3E4-E479-45B4-A0DB-A22338EBEAAE}.Debug|Any CPU.ActiveCfg = Debug|Any CPU
		{FDD5A3E4-E479-45B4-A0DB-A22338EBEAAE}.Debug|Any CPU.Build.0 = Debug|Any CPU
		{FDD5A3E4-E479-45B4-A0DB-A22338EBEAAE}.Release|Any CPU.ActiveCfg = Release|Any CPU
		{FDD5A3E4-E479-45B4-A0DB-A22338EBEAAE}.Release|Any CPU.Build.0 = Release|Any CPU
		{4458105A-B7A0-45FA-91F7-21288E8A6ED4}.Debug|Any CPU.ActiveCfg = Debug|Any CPU
		{4458105A-B7A0-45FA-91F7-21288E8A6ED4}.Debug|Any CPU.Build.0 = Debug|Any CPU
		{4458105A-B7A0-45FA-91F7-21288E8A6ED4}.Release|Any CPU.ActiveCfg = Release|Any CPU
		{4458105A-B7A0-45FA-91F7-21288E8A6ED4}.Release|Any CPU.Build.0 = Release|Any CPU
		{28A12195-7E0C-40AE-9AD5-3AE53E4A5B34}.Debug|Any CPU.ActiveCfg = Debug|Any CPU
		{28A12195-7E0C-40AE-9AD5-3AE53E4A5B34}.Debug|Any CPU.Build.0 = Debug|Any CPU
		{28A12195-7E0C-40AE-9AD5-3AE53E4A5B34}.Release|Any CPU.ActiveCfg = Release|Any CPU
		{28A12195-7E0C-40AE-9AD5-3AE53E4A5B34}.Release|Any CPU.Build.0 = Release|Any CPU
	EndGlobalSection
	GlobalSection(SolutionProperties) = preSolution
		HideSolutionNode = FALSE
	EndGlobalSection
EndGlobal
